
Microsoft Visual Studio Solution File, Format Version 12.00
# Visual Studio 15
VisualStudioVersion = 15.0.28307.902
MinimumVisualStudioVersion = 10.0.40219.1
Project("{FAE04EC0-301F-11D3-BF4B-00C04F79EFBC}") = "Authentication", "Authentication\Authentication.csproj", "{BC986186-AA27-4CDE-A3C0-992FA78C7038}"
EndProject
Global
	GlobalSection(SolutionConfigurationPlatforms) = preSolution
		Debug|Any CPU = Debug|Any CPU
		Release|Any CPU = Release|Any CPU
	EndGlobalSection
	GlobalSection(ProjectConfigurationPlatforms) = postSolution
		{BC986186-AA27-4CDE-A3C0-992FA78C7038}.Debug|Any CPU.ActiveCfg = Debug|Any CPU
		{BC986186-AA27-4CDE-A3C0-992FA78C7038}.Debug|Any CPU.Build.0 = Debug|Any CPU
		{BC986186-AA27-4CDE-A3C0-992FA78C7038}.Release|Any CPU.ActiveCfg = Release|Any CPU
		{BC986186-AA27-4CDE-A3C0-992FA78C7038}.Release|Any CPU.Build.0 = Release|Any CPU
	EndGlobalSection
	GlobalSection(SolutionProperties) = preSolution
		HideSolutionNode = FALSE
	EndGlobalSection
	GlobalSection(ExtensibilityGlobals) = postSolution
		SolutionGuid = {B6B02D1C-FD7C-4210-BD02-E0681330DF53}
	EndGlobalSection
EndGlobal
